
Microsoft Visual Studio Solution File, Format Version 12.00
# Visual Studio Version 16
VisualStudioVersion = 16.0.34601.136
MinimumVisualStudioVersion = 10.0.40219.1
Project("{FAE04EC0-301F-11D3-BF4B-00C04F79EFBC}") = "ejercicio 168", "ejercicio 168.csproj", "{2CD3A17F-0493-499C-A874-5DF9829B5CB2}"
EndProject
Global
	GlobalSection(SolutionConfigurationPlatforms) = preSolution
		Debug|Any CPU = Debug|Any CPU
		Release|Any CPU = Release|Any CPU
	EndGlobalSection
	GlobalSection(ProjectConfigurationPlatforms) = postSolution
		{2CD3A17F-0493-499C-A874-5DF9829B5CB2}.Debug|Any CPU.ActiveCfg = Debug|Any CPU
		{2CD3A17F-0493-499C-A874-5DF9829B5CB2}.Debug|Any CPU.Build.0 = Debug|Any CPU
		{2CD3A17F-0493-499C-A874-5DF9829B5CB2}.Release|Any CPU.ActiveCfg = Release|Any CPU
		{2CD3A17F-0493-499C-A874-5DF9829B5CB2}.Release|Any CPU.Build.0 = Release|Any CPU
	EndGlobalSection
	GlobalSection(SolutionProperties) = preSolution
		HideSolutionNode = FALSE
	EndGlobalSection
	GlobalSection(ExtensibilityGlobals) = postSolution
		SolutionGuid = {8BF579B8-BB09-47CF-A683-7D900A9693FA}
	EndGlobalSection
EndGlobal
